// !$*UTF8*$!
{
	archiveVersion = 1;
	classes = {
	};
	objectVersion = 55;
	objects = {

/* Begin PBXBuildFile section */
		26BF1749A8F6CC28DA2C1FED /* Pods_LoadableViewExample.framework in Frameworks */ = {isa = PBXBuildFile; fileRef = B624DE72EB18B817ED23EBA1 /* Pods_LoadableViewExample.framework */; };
		9750B0D427ABC34700CC3C17 /* LoadableViewExampleApp.swift in Sources */ = {isa = PBXBuildFile; fileRef = 9750B0D327ABC34700CC3C17 /* LoadableViewExampleApp.swift */; };
		9750B0D627ABC34700CC3C17 /* ContentView.swift in Sources */ = {isa = PBXBuildFile; fileRef = 9750B0D527ABC34700CC3C17 /* ContentView.swift */; };
		9750B0D827ABC34800CC3C17 /* Assets.xcassets in Resources */ = {isa = PBXBuildFile; fileRef = 9750B0D727ABC34800CC3C17 /* Assets.xcassets */; };
		9750B0DB27ABC34800CC3C17 /* Preview Assets.xcassets in Resources */ = {isa = PBXBuildFile; fileRef = 9750B0DA27ABC34800CC3C17 /* Preview Assets.xcassets */; };
		9750B0E227ABC87100CC3C17 /* DefaultViews.swift in Sources */ = {isa = PBXBuildFile; fileRef = 9750B0E127ABC87100CC3C17 /* DefaultViews.swift */; };
		9750B0E427ABC8AA00CC3C17 /* LoadableView+Extensions.swift in Sources */ = {isa = PBXBuildFile; fileRef = 9750B0E327ABC8AA00CC3C17 /* LoadableView+Extensions.swift */; };
		9750B0E627ABCD9400CC3C17 /* MockNetworking.swift in Sources */ = {isa = PBXBuildFile; fileRef = 9750B0E527ABCD9400CC3C17 /* MockNetworking.swift */; };
		9750B0E827ABCE0000CC3C17 /* Widget.swift in Sources */ = {isa = PBXBuildFile; fileRef = 9750B0E727ABCE0000CC3C17 /* Widget.swift */; };
		9750B0EA27ABCE1500CC3C17 /* ExampleView.swift in Sources */ = {isa = PBXBuildFile; fileRef = 9750B0E927ABCE1500CC3C17 /* ExampleView.swift */; };
/* End PBXBuildFile section */

/* Begin PBXFileReference section */
		1A84E031C3D6CA04262486F2 /* Pods-LoadableViewExample.debug.xcconfig */ = {isa = PBXFileReference; includeInIndex = 1; lastKnownFileType = text.xcconfig; name = "Pods-LoadableViewExample.debug.xcconfig"; path = "Target Support Files/Pods-LoadableViewExample/Pods-LoadableViewExample.debug.xcconfig"; sourceTree = "<group>"; };
		9750B0D027ABC34700CC3C17 /* LoadableViewExample.app */ = {isa = PBXFileReference; explicitFileType = wrapper.application; includeInIndex = 0; path = LoadableViewExample.app; sourceTree = BUILT_PRODUCTS_DIR; };
		9750B0D327ABC34700CC3C17 /* LoadableViewExampleApp.swift */ = {isa = PBXFileReference; lastKnownFileType = sourcecode.swift; path = LoadableViewExampleApp.swift; sourceTree = "<group>"; };
		9750B0D527ABC34700CC3C17 /* ContentView.swift */ = {isa = PBXFileReference; lastKnownFileType = sourcecode.swift; path = ContentView.swift; sourceTree = "<group>"; };
		9750B0D727ABC34800CC3C17 /* Assets.xcassets */ = {isa = PBXFileReference; lastKnownFileType = folder.assetcatalog; path = Assets.xcassets; sourceTree = "<group>"; };
		9750B0DA27ABC34800CC3C17 /* Preview Assets.xcassets */ = {isa = PBXFileReference; lastKnownFileType = folder.assetcatalog; path = "Preview Assets.xcassets"; sourceTree = "<group>"; };
		9750B0E127ABC87100CC3C17 /* DefaultViews.swift */ = {isa = PBXFileReference; lastKnownFileType = sourcecode.swift; path = DefaultViews.swift; sourceTree = "<group>"; };
		9750B0E327ABC8AA00CC3C17 /* LoadableView+Extensions.swift */ = {isa = PBXFileReference; lastKnownFileType = sourcecode.swift; path = "LoadableView+Extensions.swift"; sourceTree = "<group>"; };
		9750B0E527ABCD9400CC3C17 /* MockNetworking.swift */ = {isa = PBXFileReference; lastKnownFileType = sourcecode.swift; path = MockNetworking.swift; sourceTree = "<group>"; };
		9750B0E727ABCE0000CC3C17 /* Widget.swift */ = {isa = PBXFileReference; lastKnownFileType = sourcecode.swift; path = Widget.swift; sourceTree = "<group>"; };
		9750B0E927ABCE1500CC3C17 /* ExampleView.swift */ = {isa = PBXFileReference; lastKnownFileType = sourcecode.swift; path = ExampleView.swift; sourceTree = "<group>"; };
		B624DE72EB18B817ED23EBA1 /* Pods_LoadableViewExample.framework */ = {isa = PBXFileReference; explicitFileType = wrapper.framework; includeInIndex = 0; path = Pods_LoadableViewExample.framework; sourceTree = BUILT_PRODUCTS_DIR; };
		F615677B8D0B549240B72CC5 /* Pods-LoadableViewExample.release.xcconfig */ = {isa = PBXFileReference; includeInIndex = 1; lastKnownFileType = text.xcconfig; name = "Pods-LoadableViewExample.release.xcconfig"; path = "Target Support Files/Pods-LoadableViewExample/Pods-LoadableViewExample.release.xcconfig"; sourceTree = "<group>"; };
/* End PBXFileReference section */

/* Begin PBXFrameworksBuildPhase section */
		9750B0CD27ABC34700CC3C17 /* Frameworks */ = {
			isa = PBXFrameworksBuildPhase;
			buildActionMask = 2147483647;
			files = (
				26BF1749A8F6CC28DA2C1FED /* Pods_LoadableViewExample.framework in Frameworks */,
			);
			runOnlyForDeploymentPostprocessing = 0;
		};
/* End PBXFrameworksBuildPhase section */

/* Begin PBXGroup section */
		2A58806C3AF597F2C1164FA6 /* Pods */ = {
			isa = PBXGroup;
			children = (
				1A84E031C3D6CA04262486F2 /* Pods-LoadableViewExample.debug.xcconfig */,
				F615677B8D0B549240B72CC5 /* Pods-LoadableViewExample.release.xcconfig */,
			);
			path = Pods;
			sourceTree = "<group>";
		};
		3148FFAF92F90A2C19415E60 /* Frameworks */ = {
			isa = PBXGroup;
			children = (
				B624DE72EB18B817ED23EBA1 /* Pods_LoadableViewExample.framework */,
			);
			name = Frameworks;
			sourceTree = "<group>";
		};
		9750B0C727ABC34700CC3C17 = {
			isa = PBXGroup;
			children = (
				9750B0D227ABC34700CC3C17 /* LoadableViewExample */,
				9750B0D127ABC34700CC3C17 /* Products */,
				2A58806C3AF597F2C1164FA6 /* Pods */,
				3148FFAF92F90A2C19415E60 /* Frameworks */,
			);
			sourceTree = "<group>";
		};
		9750B0D127ABC34700CC3C17 /* Products */ = {
			isa = PBXGroup;
			children = (
				9750B0D027ABC34700CC3C17 /* LoadableViewExample.app */,
			);
			name = Products;
			sourceTree = "<group>";
		};
		9750B0D227ABC34700CC3C17 /* LoadableViewExample */ = {
			isa = PBXGroup;
			children = (
				9750B0D327ABC34700CC3C17 /* LoadableViewExampleApp.swift */,
				9750B0D527ABC34700CC3C17 /* ContentView.swift */,
				9750B0E927ABCE1500CC3C17 /* ExampleView.swift */,
				9750B0E327ABC8AA00CC3C17 /* LoadableView+Extensions.swift */,
				9750B0E127ABC87100CC3C17 /* DefaultViews.swift */,
				9750B0E527ABCD9400CC3C17 /* MockNetworking.swift */,
				9750B0E727ABCE0000CC3C17 /* Widget.swift */,
				9750B0D727ABC34800CC3C17 /* Assets.xcassets */,
				9750B0D927ABC34800CC3C17 /* Preview Content */,
			);
			path = LoadableViewExample;
			sourceTree = "<group>";
		};
		9750B0D927ABC34800CC3C17 /* Preview Content */ = {
			isa = PBXGroup;
			children = (
				9750B0DA27ABC34800CC3C17 /* Preview Assets.xcassets */,
			);
			path = "Preview Content";
			sourceTree = "<group>";
		};
/* End PBXGroup section */

/* Begin PBXNativeTarget section */
		9750B0CF27ABC34700CC3C17 /* LoadableViewExample */ = {
			isa = PBXNativeTarget;
			buildConfigurationList = 9750B0DE27ABC34800CC3C17 /* Build configuration list for PBXNativeTarget "LoadableViewExample" */;
			buildPhases = (
				7D7E1D3D8CD25E847C5EF578 /* [CP] Check Pods Manifest.lock */,
				9750B0CC27ABC34700CC3C17 /* Sources */,
				9750B0CD27ABC34700CC3C17 /* Frameworks */,
				9750B0CE27ABC34700CC3C17 /* Resources */,
				9A1B43170F32B60A1D1B6023 /* [CP] Embed Pods Frameworks */,
			);
			buildRules = (
			);
			dependencies = (
			);
			name = LoadableViewExample;
			productName = LoadableViewExample;
			productReference = 9750B0D027ABC34700CC3C17 /* LoadableViewExample.app */;
			productType = "com.apple.product-type.application";
		};
/* End PBXNativeTarget section */

/* Begin PBXProject section */
		9750B0C827ABC34700CC3C17 /* Project object */ = {
			isa = PBXProject;
			attributes = {
				BuildIndependentTargetsInParallel = 1;
				LastSwiftUpdateCheck = 1320;
				LastUpgradeCheck = 1320;
				TargetAttributes = {
					9750B0CF27ABC34700CC3C17 = {
						CreatedOnToolsVersion = 13.2.1;
					};
				};
			};
			buildConfigurationList = 9750B0CB27ABC34700CC3C17 /* Build configuration list for PBXProject "LoadableViewExample" */;
			compatibilityVersion = "Xcode 13.0";
			developmentRegion = en;
			hasScannedForEncodings = 0;
			knownRegions = (
				en,
				Base,
			);
			mainGroup = 9750B0C727ABC34700CC3C17;
			productRefGroup = 9750B0D127ABC34700CC3C17 /* Products */;
			projectDirPath = "";
			projectRoot = "";
			targets = (
				9750B0CF27ABC34700CC3C17 /* LoadableViewExample */,
			);
		};
/* End PBXProject section */

/* Begin PBXResourcesBuildPhase section */
		9750B0CE27ABC34700CC3C17 /* Resources */ = {
			isa = PBXResourcesBuildPhase;
			buildActionMask = 2147483647;
			files = (
				9750B0DB27ABC34800CC3C17 /* Preview Assets.xcassets in Resources */,
				9750B0D827ABC34800CC3C17 /* Assets.xcassets in Resources */,
			);
			runOnlyForDeploymentPostprocessing = 0;
		};
/* End PBXResourcesBuildPhase section */

/* Begin PBXShellScriptBuildPhase section */
		7D7E1D3D8CD25E847C5EF578 /* [CP] Check Pods Manifest.lock */ = {
			isa = PBXShellScriptBuildPhase;
			buildActionMask = 2147483647;
			files = (
			);
			inputFileListPaths = (
			);
			inputPaths = (
				"${PODS_PODFILE_DIR_PATH}/Podfile.lock",
				"${PODS_ROOT}/Manifest.lock",
			);
			name = "[CP] Check Pods Manifest.lock";
			outputFileListPaths = (
			);
			outputPaths = (
				"$(DERIVED_FILE_DIR)/Pods-LoadableViewExample-checkManifestLockResult.txt",
			);
			runOnlyForDeploymentPostprocessing = 0;
			shellPath = /bin/sh;
			shellScript = "diff \"${PODS_PODFILE_DIR_PATH}/Podfile.lock\" \"${PODS_ROOT}/Manifest.lock\" > /dev/null\nif [ $? != 0 ] ; then\n    # print error to STDERR\n    echo \"error: The sandbox is not in sync with the Podfile.lock. Run 'pod install' or update your CocoaPods installation.\" >&2\n    exit 1\nfi\n# This output is used by Xcode 'outputs' to avoid re-running this script phase.\necho \"SUCCESS\" > \"${SCRIPT_OUTPUT_FILE_0}\"\n";
			showEnvVarsInLog = 0;
		};
		9A1B43170F32B60A1D1B6023 /* [CP] Embed Pods Frameworks */ = {
			isa = PBXShellScriptBuildPhase;
			buildActionMask = 2147483647;
			files = (
			);
			inputFileListPaths = (
				"${PODS_ROOT}/Target Support Files/Pods-LoadableViewExample/Pods-LoadableViewExample-frameworks-${CONFIGURATION}-input-files.xcfilelist",
			);
			name = "[CP] Embed Pods Frameworks";
			outputFileListPaths = (
				"${PODS_ROOT}/Target Support Files/Pods-LoadableViewExample/Pods-LoadableViewExample-frameworks-${CONFIGURATION}-output-files.xcfilelist",
			);
			runOnlyForDeploymentPostprocessing = 0;
			shellPath = /bin/sh;
			shellScript = "\"${PODS_ROOT}/Target Support Files/Pods-LoadableViewExample/Pods-LoadableViewExample-frameworks.sh\"\n";
			showEnvVarsInLog = 0;
		};
/* End PBXShellScriptBuildPhase section */

/* Begin PBXSourcesBuildPhase section */
		9750B0CC27ABC34700CC3C17 /* Sources */ = {
			isa = PBXSourcesBuildPhase;
			buildActionMask = 2147483647;
			files = (
				9750B0D627ABC34700CC3C17 /* ContentView.swift in Sources */,
				9750B0E227ABC87100CC3C17 /* DefaultViews.swift in Sources */,
				9750B0E627ABCD9400CC3C17 /* MockNetworking.swift in Sources */,
				9750B0E427ABC8AA00CC3C17 /* LoadableView+Extensions.swift in Sources */,
				9750B0D427ABC34700CC3C17 /* LoadableViewExampleApp.swift in Sources */,
				9750B0EA27ABCE1500CC3C17 /* ExampleView.swift in Sources */,
				9750B0E827ABCE0000CC3C17 /* Widget.swift in Sources */,
			);
			runOnlyForDeploymentPostprocessing = 0;
		};
/* End PBXSourcesBuildPhase section */

/* Begin XCBuildConfiguration section */
		9750B0DC27ABC34800CC3C17 /* Debug */ = {
			isa = XCBuildConfiguration;
			buildSettings = {
				ALWAYS_SEARCH_USER_PATHS = NO;
				CLANG_ANALYZER_NONNULL = YES;
				CLANG_ANALYZER_NUMBER_OBJECT_CONVERSION = YES_AGGRESSIVE;
				CLANG_CXX_LANGUAGE_STANDARD = "gnu++17";
				CLANG_CXX_LIBRARY = "libc++";
				CLANG_ENABLE_MODULES = YES;
				CLANG_ENABLE_OBJC_ARC = YES;
				CLANG_ENABLE_OBJC_WEAK = YES;
				CLANG_WARN_BLOCK_CAPTURE_AUTORELEASING = YES;
				CLANG_WARN_BOOL_CONVERSION = YES;
				CLANG_WARN_COMMA = YES;
				CLANG_WARN_CONSTANT_CONVERSION = YES;
				CLANG_WARN_DEPRECATED_OBJC_IMPLEMENTATIONS = YES;
				CLANG_WARN_DIRECT_OBJC_ISA_USAGE = YES_ERROR;
				CLANG_WARN_DOCUMENTATION_COMMENTS = YES;
				CLANG_WARN_EMPTY_BODY = YES;
				CLANG_WARN_ENUM_CONVERSION = YES;
				CLANG_WARN_INFINITE_RECURSION = YES;
				CLANG_WARN_INT_CONVERSION = YES;
				CLANG_WARN_NON_LITERAL_NULL_CONVERSION = YES;
				CLANG_WARN_OBJC_IMPLICIT_RETAIN_SELF = YES;
				CLANG_WARN_OBJC_LITERAL_CONVERSION = YES;
				CLANG_WARN_OBJC_ROOT_CLASS = YES_ERROR;
				CLANG_WARN_QUOTED_INCLUDE_IN_FRAMEWORK_HEADER = YES;
				CLANG_WARN_RANGE_LOOP_ANALYSIS = YES;
				CLANG_WARN_STRICT_PROTOTYPES = YES;
				CLANG_WARN_SUSPICIOUS_MOVE = YES;
				CLANG_WARN_UNGUARDED_AVAILABILITY = YES_AGGRESSIVE;
				CLANG_WARN_UNREACHABLE_CODE = YES;
				CLANG_WARN__DUPLICATE_METHOD_MATCH = YES;
				COPY_PHASE_STRIP = NO;
				DEBUG_INFORMATION_FORMAT = dwarf;
				ENABLE_STRICT_OBJC_MSGSEND = YES;
				ENABLE_TESTABILITY = YES;
				GCC_C_LANGUAGE_STANDARD = gnu11;
				GCC_DYNAMIC_NO_PIC = NO;
				GCC_NO_COMMON_BLOCKS = YES;
				GCC_OPTIMIZATION_LEVEL = 0;
				GCC_PREPROCESSOR_DEFINITIONS = (
					"DEBUG=1",
					"$(inherited)",
				);
				GCC_WARN_64_TO_32_BIT_CONVERSION = YES;
				GCC_WARN_ABOUT_RETURN_TYPE = YES_ERROR;
				GCC_WARN_UNDECLARED_SELECTOR = YES;
				GCC_WARN_UNINITIALIZED_AUTOS = YES_AGGRESSIVE;
				GCC_WARN_UNUSED_FUNCTION = YES;
				GCC_WARN_UNUSED_VARIABLE = YES;
				IPHONEOS_DEPLOYMENT_TARGET = 15.2;
				MTL_ENABLE_DEBUG_INFO = INCLUDE_SOURCE;
				MTL_FAST_MATH = YES;
				ONLY_ACTIVE_ARCH = YES;
				SDKROOT = iphoneos;
				SWIFT_ACTIVE_COMPILATION_CONDITIONS = DEBUG;
				SWIFT_OPTIMIZATION_LEVEL = "-Onone";
			};
			name = Debug;
		};
		9750B0DD27ABC34800CC3C17 /* Release */ = {
			isa = XCBuildConfiguration;
			buildSettings = {
				ALWAYS_SEARCH_USER_PATHS = NO;
				CLANG_ANALYZER_NONNULL = YES;
				CLANG_ANALYZER_NUMBER_OBJECT_CONVERSION = YES_AGGRESSIVE;
				CLANG_CXX_LANGUAGE_STANDARD = "gnu++17";
				CLANG_CXX_LIBRARY = "libc++";
				CLANG_ENABLE_MODULES = YES;
				CLANG_ENABLE_OBJC_ARC = YES;
				CLANG_ENABLE_OBJC_WEAK = YES;
				CLANG_WARN_BLOCK_CAPTURE_AUTORELEASING = YES;
				CLANG_WARN_BOOL_CONVERSION = YES;
				CLANG_WARN_COMMA = YES;
				CLANG_WARN_CONSTANT_CONVERSION = YES;
				CLANG_WARN_DEPRECATED_OBJC_IMPLEMENTATIONS = YES;
				CLANG_WARN_DIRECT_OBJC_ISA_USAGE = YES_ERROR;
				CLANG_WARN_DOCUMENTATION_COMMENTS = YES;
				CLANG_WARN_EMPTY_BODY = YES;
				CLANG_WARN_ENUM_CONVERSION = YES;
				CLANG_WARN_INFINITE_RECURSION = YES;
				CLANG_WARN_INT_CONVERSION = YES;
				CLANG_WARN_NON_LITERAL_NULL_CONVERSION = YES;
				CLANG_WARN_OBJC_IMPLICIT_RETAIN_SELF = YES;
				CLANG_WARN_OBJC_LITERAL_CONVERSION = YES;
				CLANG_WARN_OBJC_ROOT_CLASS = YES_ERROR;
				CLANG_WARN_QUOTED_INCLUDE_IN_FRAMEWORK_HEADER = YES;
				CLANG_WARN_RANGE_LOOP_ANALYSIS = YES;
				CLANG_WARN_STRICT_PROTOTYPES = YES;
				CLANG_WARN_SUSPICIOUS_MOVE = YES;
				CLANG_WARN_UNGUARDED_AVAILABILITY = YES_AGGRESSIVE;
				CLANG_WARN_UNREACHABLE_CODE = YES;
				CLANG_WARN__DUPLICATE_METHOD_MATCH = YES;
				COPY_PHASE_STRIP = NO;
				DEBUG_INFORMATION_FORMAT = "dwarf-with-dsym";
				ENABLE_NS_ASSERTIONS = NO;
				ENABLE_STRICT_OBJC_MSGSEND = YES;
				GCC_C_LANGUAGE_STANDARD = gnu11;
				GCC_NO_COMMON_BLOCKS = YES;
				GCC_WARN_64_TO_32_BIT_CONVERSION = YES;
				GCC_WARN_ABOUT_RETURN_TYPE = YES_ERROR;
				GCC_WARN_UNDECLARED_SELECTOR = YES;
				GCC_WARN_UNINITIALIZED_AUTOS = YES_AGGRESSIVE;
				GCC_WARN_UNUSED_FUNCTION = YES;
				GCC_WARN_UNUSED_VARIABLE = YES;
				IPHONEOS_DEPLOYMENT_TARGET = 15.2;
				MTL_ENABLE_DEBUG_INFO = NO;
				MTL_FAST_MATH = YES;
				SDKROOT = iphoneos;
				SWIFT_COMPILATION_MODE = wholemodule;
				SWIFT_OPTIMIZATION_LEVEL = "-O";
				VALIDATE_PRODUCT = YES;
			};
			name = Release;
		};
		9750B0DF27ABC34800CC3C17 /* Debug */ = {
			isa = XCBuildConfiguration;
			baseConfigurationReference = 1A84E031C3D6CA04262486F2 /* Pods-LoadableViewExample.debug.xcconfig */;
			buildSettings = {
				ASSETCATALOG_COMPILER_APPICON_NAME = AppIcon;
				ASSETCATALOG_COMPILER_GLOBAL_ACCENT_COLOR_NAME = AccentColor;
				CODE_SIGN_STYLE = Automatic;
				CURRENT_PROJECT_VERSION = 1;
				DEVELOPMENT_ASSET_PATHS = "\"LoadableViewExample/Preview Content\"";
				DEVELOPMENT_TEAM = D7MN23CD5F;
				ENABLE_PREVIEWS = YES;
				GENERATE_INFOPLIST_FILE = YES;
				INFOPLIST_KEY_UIApplicationSceneManifest_Generation = YES;
				INFOPLIST_KEY_UIApplicationSupportsIndirectInputEvents = YES;
				INFOPLIST_KEY_UILaunchScreen_Generation = YES;
				INFOPLIST_KEY_UISupportedInterfaceOrientations_iPad = "UIInterfaceOrientationPortrait UIInterfaceOrientationPortraitUpsideDown UIInterfaceOrientationLandscapeLeft UIInterfaceOrientationLandscapeRight";
				INFOPLIST_KEY_UISupportedInterfaceOrientations_iPhone = "UIInterfaceOrientationPortrait UIInterfaceOrientationLandscapeLeft UIInterfaceOrientationLandscapeRight";
				LD_RUNPATH_SEARCH_PATHS = (
					"$(inherited)",
					"@executable_path/Frameworks",
				);
				MARKETING_VERSION = 1.0;
				PRODUCT_BUNDLE_IDENTIFIER = com.anconaesselmann.LoadableViewExample;
				PRODUCT_NAME = "$(TARGET_NAME)";
				SWIFT_EMIT_LOC_STRINGS = YES;
				SWIFT_VERSION = 5.0;
				TARGETED_DEVICE_FAMILY = "1,2";
			};
			name = Debug;
		};
		9750B0E027ABC34800CC3C17 /* Release */ = {
			isa = XCBuildConfiguration;
			baseConfigurationReference = F615677B8D0B549240B72CC5 /* Pods-LoadableViewExample.release.xcconfig */;
			buildSettings = {
				ASSETCATALOG_COMPILER_APPICON_NAME = AppIcon;
				ASSETCATALOG_COMPILER_GLOBAL_ACCENT_COLOR_NAME = AccentColor;
				CODE_SIGN_STYLE = Automatic;
				CURRENT_PROJECT_VERSION = 1;
				DEVELOPMENT_ASSET_PATHS = "\"LoadableViewExample/Preview Content\"";
				DEVELOPMENT_TEAM = D7MN23CD5F;
				ENABLE_PREVIEWS = YES;
				GENERATE_INFOPLIST_FILE = YES;
				INFOPLIST_KEY_UIApplicationSceneManifest_Generation = YES;
				INFOPLIST_KEY_UIApplicationSupportsIndirectInputEvents = YES;
				INFOPLIST_KEY_UILaunchScreen_Generation = YES;
				INFOPLIST_KEY_UISupportedInterfaceOrientations_iPad = "UIInterfaceOrientationPortrait UIInterfaceOrientationPortraitUpsideDown UIInterfaceOrientationLandscapeLeft UIInterfaceOrientationLandscapeRight";
				INFOPLIST_KEY_UISupportedInterfaceOrientations_iPhone = "UIInterfaceOrientationPortrait UIInterfaceOrientationLandscapeLeft UIInterfaceOrientationLandscapeRight";
				LD_RUNPATH_SEARCH_PATHS = (
					"$(inherited)",
					"@executable_path/Frameworks",
				);
				MARKETING_VERSION = 1.0;
				PRODUCT_BUNDLE_IDENTIFIER = com.anconaesselmann.LoadableViewExample;
				PRODUCT_NAME = "$(TARGET_NAME)";
				SWIFT_EMIT_LOC_STRINGS = YES;
				SWIFT_VERSION = 5.0;
				TARGETED_DEVICE_FAMILY = "1,2";
			};
			name = Release;
		};
/* End XCBuildConfiguration section */

/* Begin XCConfigurationList section */
		9750B0CB27ABC34700CC3C17 /* Build configuration list for PBXProject "LoadableViewExample" */ = {
			isa = XCConfigurationList;
			buildConfigurations = (
				9750B0DC27ABC34800CC3C17 /* Debug */,
				9750B0DD27ABC34800CC3C17 /* Release */,
			);
			defaultConfigurationIsVisible = 0;
			defaultConfigurationName = Release;
		};
		9750B0DE27ABC34800CC3C17 /* Build configuration list for PBXNativeTarget "LoadableViewExample" */ = {
			isa = XCConfigurationList;
			buildConfigurations = (
				9750B0DF27ABC34800CC3C17 /* Debug */,
				9750B0E027ABC34800CC3C17 /* Release */,
			);
			defaultConfigurationIsVisible = 0;
			defaultConfigurationName = Release;
		};
/* End XCConfigurationList section */
	};
	rootObject = 9750B0C827ABC34700CC3C17 /* Project object */;
}
